
Microsoft Visual Studio Solution File, Format Version 12.00
# Visual Studio 15
VisualStudioVersion = 15.0.27703.2042
MinimumVisualStudioVersion = 10.0.40219.1
Project("{8BC9CEB8-8B4A-11D0-8D11-00A0C91BC942}") = "shimcache_parser", "shimcache_parser.vcxproj", "{4E9488F2-B0CD-44B2-AD36-089DAE2A1BAA}"
EndProject
Project("{8BC9CEB8-8B4A-11D0-8D11-00A0C91BC942}") = "shimcache_parser_dynamic", "shimcache_parser_dynamic.vcxproj", "{54AF92B3-D707-4BC3-8CE2-221ED6E1A0D5}"
EndProject
Global
	GlobalSection(SolutionConfigurationPlatforms) = preSolution
		Debug|x64 = Debug|x64
		Debug|x86 = Debug|x86
		Release|x64 = Release|x64
		Release|x86 = Release|x86
	EndGlobalSection
	GlobalSection(ProjectConfigurationPlatforms) = postSolution
		{4E9488F2-B0CD-44B2-AD36-089DAE2A1BAA}.Debug|x64.ActiveCfg = Debug|x64
		{4E9488F2-B0CD-44B2-AD36-089DAE2A1BAA}.Debug|x64.Build.0 = Debug|x64
		{4E9488F2-B0CD-44B2-AD36-089DAE2A1BAA}.Debug|x86.ActiveCfg = Debug|Win32
		{4E9488F2-B0CD-44B2-AD36-089DAE2A1BAA}.Debug|x86.Build.0 = Debug|Win32
		{4E9488F2-B0CD-44B2-AD36-089DAE2A1BAA}.Release|x64.ActiveCfg = Release|x64
		{4E9488F2-B0CD-44B2-AD36-089DAE2A1BAA}.Release|x64.Build.0 = Release|x64
		{4E9488F2-B0CD-44B2-AD36-089DAE2A1BAA}.Release|x86.ActiveCfg = Release|Win32
		{4E9488F2-B0CD-44B2-AD36-089DAE2A1BAA}.Release|x86.Build.0 = Release|Win32
		{54AF92B3-D707-4BC3-8CE2-221ED6E1A0D5}.Debug|x64.ActiveCfg = Debug|x64
		{54AF92B3-D707-4BC3-8CE2-221ED6E1A0D5}.Debug|x64.Build.0 = Debug|x64
		{54AF92B3-D707-4BC3-8CE2-221ED6E1A0D5}.Debug|x86.ActiveCfg = Debug|Win32
		{54AF92B3-D707-4BC3-8CE2-221ED6E1A0D5}.Debug|x86.Build.0 = Debug|Win32
		{54AF92B3-D707-4BC3-8CE2-221ED6E1A0D5}.Release|x64.ActiveCfg = Release|x64
		{54AF92B3-D707-4BC3-8CE2-221ED6E1A0D5}.Release|x64.Build.0 = Release|x64
		{54AF92B3-D707-4BC3-8CE2-221ED6E1A0D5}.Release|x86.ActiveCfg = Release|Win32
		{54AF92B3-D707-4BC3-8CE2-221ED6E1A0D5}.Release|x86.Build.0 = Release|Win32
	EndGlobalSection
	GlobalSection(SolutionProperties) = preSolution
		HideSolutionNode = FALSE
	EndGlobalSection
	GlobalSection(ExtensibilityGlobals) = postSolution
		SolutionGuid = {6EE75D7C-E2A7-4A4D-96A8-5ECA392512C6}
	EndGlobalSection
EndGlobal
